
Microsoft Visual Studio Solution File, Format Version 12.00
# Visual Studio 15
Project("{FAE04EC0-301F-11D3-BF4B-00C04F79EFBC}") = "Assembly-CSharp", "Assembly-CSharp.csproj", "{8FC88988-6E2B-9313-6FD8-E3B923B90B15}"
EndProject
Project("{FAE04EC0-301F-11D3-BF4B-00C04F79EFBC}") = "Assembly-CSharp-firstpass", "Assembly-CSharp-firstpass.csproj", "{6A64A81F-4D94-FEC1-5449-6F1889973026}"
EndProject
Global
	GlobalSection(SolutionConfigurationPlatforms) = preSolution
		Debug|Any CPU = Debug|Any CPU
		Release|Any CPU = Release|Any CPU
	EndGlobalSection
	GlobalSection(ProjectConfigurationPlatforms) = postSolution
		{8FC88988-6E2B-9313-6FD8-E3B923B90B15}.Debug|Any CPU.ActiveCfg = Debug|Any CPU
		{8FC88988-6E2B-9313-6FD8-E3B923B90B15}.Debug|Any CPU.Build.0 = Debug|Any CPU
		{8FC88988-6E2B-9313-6FD8-E3B923B90B15}.Release|Any CPU.ActiveCfg = Release|Any CPU
		{8FC88988-6E2B-9313-6FD8-E3B923B90B15}.Release|Any CPU.Build.0 = Release|Any CPU
		{6A64A81F-4D94-FEC1-5449-6F1889973026}.Debug|Any CPU.ActiveCfg = Debug|Any CPU
		{6A64A81F-4D94-FEC1-5449-6F1889973026}.Debug|Any CPU.Build.0 = Debug|Any CPU
		{6A64A81F-4D94-FEC1-5449-6F1889973026}.Release|Any CPU.ActiveCfg = Release|Any CPU
		{6A64A81F-4D94-FEC1-5449-6F1889973026}.Release|Any CPU.Build.0 = Release|Any CPU
	EndGlobalSection
	GlobalSection(SolutionProperties) = preSolution
		HideSolutionNode = FALSE
	EndGlobalSection
EndGlobal
